// !$*UTF8*$!
{
	archiveVersion = 1;
	classes = {
	};
	objectVersion = 50;
	objects = {

/* Begin PBXBuildFile section */
		FBDB23562277AB44000EA48C /* AppDelegate.swift in Sources */ = {isa = PBXBuildFile; fileRef = FBDB23552277AB44000EA48C /* AppDelegate.swift */; };
		FBDB23582277AB44000EA48C /* ViewController.swift in Sources */ = {isa = PBXBuildFile; fileRef = FBDB23572277AB44000EA48C /* ViewController.swift */; };
		FBDB235B2277AB45000EA48C /* Main.storyboard in Resources */ = {isa = PBXBuildFile; fileRef = FBDB23592277AB45000EA48C /* Main.storyboard */; };
		FBDB235D2277AB56000EA48C /* Assets.xcassets in Resources */ = {isa = PBXBuildFile; fileRef = FBDB235C2277AB56000EA48C /* Assets.xcassets */; };
		FBDB23602277AB56000EA48C /* LaunchScreen.storyboard in Resources */ = {isa = PBXBuildFile; fileRef = FBDB235E2277AB56000EA48C /* LaunchScreen.storyboard */; };
/* End PBXBuildFile section */

/* Begin PBXFileReference section */
		FBDB23522277AB44000EA48C /* BullsEye.app */ = {isa = PBXFileReference; explicitFileType = wrapper.application; includeInIndex = 0; path = BullsEye.app; sourceTree = BUILT_PRODUCTS_DIR; };
		FBDB23552277AB44000EA48C /* AppDelegate.swift */ = {isa = PBXFileReference; lastKnownFileType = sourcecode.swift; path = AppDelegate.swift; sourceTree = "<group>"; };
		FBDB23572277AB44000EA48C /* ViewController.swift */ = {isa = PBXFileReference; lastKnownFileType = sourcecode.swift; path = ViewController.swift; sourceTree = "<group>"; };
		FBDB235A2277AB45000EA48C /* Base */ = {isa = PBXFileReference; lastKnownFileType = file.storyboard; name = Base; path = Base.lproj/Main.storyboard; sourceTree = "<group>"; };
		FBDB235C2277AB56000EA48C /* Assets.xcassets */ = {isa = PBXFileReference; lastKnownFileType = folder.assetcatalog; path = Assets.xcassets; sourceTree = "<group>"; };
		FBDB235F2277AB56000EA48C /* Base */ = {isa = PBXFileReference; lastKnownFileType = file.storyboard; name = Base; path = Base.lproj/LaunchScreen.storyboard; sourceTree = "<group>"; };
		FBDB23612277AB56000EA48C /* Info.plist */ = {isa = PBXFileReference; lastKnownFileType = text.plist.xml; path = Info.plist; sourceTree = "<group>"; };
/* End PBXFileReference section */

/* Begin PBXFrameworksBuildPhase section */
		FBDB234F2277AB44000EA48C /* Frameworks */ = {
			isa = PBXFrameworksBuildPhase;
			buildActionMask = 2147483647;
			files = (
			);
			runOnlyForDeploymentPostprocessing = 0;
		};
/* End PBXFrameworksBuildPhase section */

/* Begin PBXGroup section */
		FBDB23492277AB44000EA48C = {
			isa = PBXGroup;
			children = (
				FBDB23542277AB44000EA48C /* BullsEye */,
				FBDB23532277AB44000EA48C /* Products */,
			);
			sourceTree = "<group>";
		};
		FBDB23532277AB44000EA48C /* Products */ = {
			isa = PBXGroup;
			children = (
				FBDB23522277AB44000EA48C /* BullsEye.app */,
			);
			name = Products;
			sourceTree = "<group>";
		};
		FBDB23542277AB44000EA48C /* BullsEye */ = {
			isa = PBXGroup;
			children = (
				FBDB23552277AB44000EA48C /* AppDelegate.swift */,
				FBDB23572277AB44000EA48C /* ViewController.swift */,
				FBDB23592277AB45000EA48C /* Main.storyboard */,
				FBDB235C2277AB56000EA48C /* Assets.xcassets */,
				FBDB235E2277AB56000EA48C /* LaunchScreen.storyboard */,
				FBDB23612277AB56000EA48C /* Info.plist */,
			);
			path = BullsEye;
			sourceTree = "<group>";
		};
/* End PBXGroup section */

/* Begin PBXNativeTarget section */
		FBDB23512277AB44000EA48C /* BullsEye */ = {
			isa = PBXNativeTarget;
			buildConfigurationList = FBDB23642277AB56000EA48C /* Build configuration list for PBXNativeTarget "BullsEye" */;
			buildPhases = (
				FBDB234E2277AB44000EA48C /* Sources */,
				FBDB234F2277AB44000EA48C /* Frameworks */,
				FBDB23502277AB44000EA48C /* Resources */,
			);
			buildRules = (
			);
			dependencies = (
			);
			name = BullsEye;
			productName = BullsEye;
			productReference = FBDB23522277AB44000EA48C /* BullsEye.app */;
			productType = "com.apple.product-type.application";
		};
/* End PBXNativeTarget section */

/* Begin PBXProject section */
		FBDB234A2277AB44000EA48C /* Project object */ = {
			isa = PBXProject;
			attributes = {
				LastSwiftUpdateCheck = 1010;
				LastUpgradeCheck = 1010;
				ORGANIZATIONNAME = crux;
				TargetAttributes = {
					FBDB23512277AB44000EA48C = {
						CreatedOnToolsVersion = 10.1;
					};
				};
			};
			buildConfigurationList = FBDB234D2277AB44000EA48C /* Build configuration list for PBXProject "BullsEye" */;
			compatibilityVersion = "Xcode 9.3";
			developmentRegion = en;
			hasScannedForEncodings = 0;
			knownRegions = (
				en,
				Base,
			);
			mainGroup = FBDB23492277AB44000EA48C;
			productRefGroup = FBDB23532277AB44000EA48C /* Products */;
			projectDirPath = "";
			projectRoot = "";
			targets = (
				FBDB23512277AB44000EA48C /* BullsEye */,
			);
		};
/* End PBXProject section */

/* Begin PBXResourcesBuildPhase section */
		FBDB23502277AB44000EA48C /* Resources */ = {
			isa = PBXResourcesBuildPhase;
			buildActionMask = 2147483647;
			files = (
				FBDB23602277AB56000EA48C /* LaunchScreen.storyboard in Resources */,
				FBDB235D2277AB56000EA48C /* Assets.xcassets in Resources */,
				FBDB235B2277AB45000EA48C /* Main.storyboard in Resources */,
			);
			runOnlyForDeploymentPostprocessing = 0;
		};
/* End PBXResourcesBuildPhase section */

/* Begin PBXSourcesBuildPhase section */
		FBDB234E2277AB44000EA48C /* Sources */ = {
			isa = PBXSourcesBuildPhase;
			buildActionMask = 2147483647;
			files = (
				FBDB23582277AB44000EA48C /* ViewController.swift in Sources */,
				FBDB23562277AB44000EA48C /* AppDelegate.swift in Sources */,
			);
			runOnlyForDeploymentPostprocessing = 0;
		};
/* End PBXSourcesBuildPhase section */

/* Begin PBXVariantGroup section */
		FBDB23592277AB45000EA48C /* Main.storyboard */ = {
			isa = PBXVariantGroup;
			children = (
				FBDB235A2277AB45000EA48C /* Base */,
			);
			name = Main.storyboard;
			sourceTree = "<group>";
		};
		FBDB235E2277AB56000EA48C /* LaunchScreen.storyboard */ = {
			isa = PBXVariantGroup;
			children = (
				FBDB235F2277AB56000EA48C /* Base */,
			);
			name = LaunchScreen.storyboard;
			sourceTree = "<group>";
		};
/* End PBXVariantGroup section */

/* Begin XCBuildConfiguration section */
		FBDB23622277AB56000EA48C /* Debug */ = {
			isa = XCBuildConfiguration;
			buildSettings = {
				ALWAYS_SEARCH_USER_PATHS = NO;
				CLANG_ANALYZER_NONNULL = YES;
				CLANG_ANALYZER_NUMBER_OBJECT_CONVERSION = YES_AGGRESSIVE;
				CLANG_CXX_LANGUAGE_STANDARD = "gnu++14";
				CLANG_CXX_LIBRARY = "libc++";
				CLANG_ENABLE_MODULES = YES;
				CLANG_ENABLE_OBJC_ARC = YES;
				CLANG_ENABLE_OBJC_WEAK = YES;
				CLANG_WARN_BLOCK_CAPTURE_AUTORELEASING = YES;
				CLANG_WARN_BOOL_CONVERSION = YES;
				CLANG_WARN_COMMA = YES;
				CLANG_WARN_CONSTANT_CONVERSION = YES;
				CLANG_WARN_DEPRECATED_OBJC_IMPLEMENTATIONS = YES;
				CLANG_WARN_DIRECT_OBJC_ISA_USAGE = YES_ERROR;
				CLANG_WARN_DOCUMENTATION_COMMENTS = YES;
				CLANG_WARN_EMPTY_BODY = YES;
				CLANG_WARN_ENUM_CONVERSION = YES;
				CLANG_WARN_INFINITE_RECURSION = YES;
				CLANG_WARN_INT_CONVERSION = YES;
				CLANG_WARN_NON_LITERAL_NULL_CONVERSION = YES;
				CLANG_WARN_OBJC_IMPLICIT_RETAIN_SELF = YES;
				CLANG_WARN_OBJC_LITERAL_CONVERSION = YES;
				CLANG_WARN_OBJC_ROOT_CLASS = YES_ERROR;
				CLANG_WARN_RANGE_LOOP_ANALYSIS = YES;
				CLANG_WARN_STRICT_PROTOTYPES = YES;
				CLANG_WARN_SUSPICIOUS_MOVE = YES;
				CLANG_WARN_UNGUARDED_AVAILABILITY = YES_AGGRESSIVE;
				CLANG_WARN_UNREACHABLE_CODE = YES;
				CLANG_WARN__DUPLICATE_METHOD_MATCH = YES;
				CODE_SIGN_IDENTITY = "iPhone Developer";
				COPY_PHASE_STRIP = NO;
				DEBUG_INFORMATION_FORMAT = dwarf;
				ENABLE_STRICT_OBJC_MSGSEND = YES;
				ENABLE_TESTABILITY = YES;
				GCC_C_LANGUAGE_STANDARD = gnu11;
				GCC_DYNAMIC_NO_PIC = NO;
				GCC_NO_COMMON_BLOCKS = YES;
				GCC_OPTIMIZATION_LEVEL = 0;
				GCC_PREPROCESSOR_DEFINITIONS = (
					"DEBUG=1",
					"$(inherited)",
				);
				GCC_WARN_64_TO_32_BIT_CONVERSION = YES;
				GCC_WARN_ABOUT_RETURN_TYPE = YES_ERROR;
				GCC_WARN_UNDECLARED_SELECTOR = YES;
				GCC_WARN_UNINITIALIZED_AUTOS = YES_AGGRESSIVE;
				GCC_WARN_UNUSED_FUNCTION = YES;
				GCC_WARN_UNUSED_VARIABLE = YES;
				IPHONEOS_DEPLOYMENT_TARGET = 12.1;
				MTL_ENABLE_DEBUG_INFO = INCLUDE_SOURCE;
				MTL_FAST_MATH = YES;
				ONLY_ACTIVE_ARCH = YES;
				SDKROOT = iphoneos;
				SWIFT_ACTIVE_COMPILATION_CONDITIONS = DEBUG;
				SWIFT_OPTIMIZATION_LEVEL = "-Onone";
			};
			name = Debug;
		};
		FBDB23632277AB56000EA48C /* Release */ = {
			isa = XCBuildConfiguration;
			buildSettings = {
				ALWAYS_SEARCH_USER_PATHS = NO;
				CLANG_ANALYZER_NONNULL = YES;
				CLANG_ANALYZER_NUMBER_OBJECT_CONVERSION = YES_AGGRESSIVE;
				CLANG_CXX_LANGUAGE_STANDARD = "gnu++14";
				CLANG_CXX_LIBRARY = "libc++";
				CLANG_ENABLE_MODULES = YES;
				CLANG_ENABLE_OBJC_ARC = YES;
				CLANG_ENABLE_OBJC_WEAK = YES;
				CLANG_WARN_BLOCK_CAPTURE_AUTORELEASING = YES;
				CLANG_WARN_BOOL_CONVERSION = YES;
				CLANG_WARN_COMMA = YES;
				CLANG_WARN_CONSTANT_CONVERSION = YES;
				CLANG_WARN_DEPRECATED_OBJC_IMPLEMENTATIONS = YES;
				CLANG_WARN_DIRECT_OBJC_ISA_USAGE = YES_ERROR;
				CLANG_WARN_DOCUMENTATION_COMMENTS = YES;
				CLANG_WARN_EMPTY_BODY = YES;
				CLANG_WARN_ENUM_CONVERSION = YES;
				CLANG_WARN_INFINITE_RECURSION = YES;
				CLANG_WARN_INT_CONVERSION = YES;
				CLANG_WARN_NON_LITERAL_NULL_CONVERSION = YES;
				CLANG_WARN_OBJC_IMPLICIT_RETAIN_SELF = YES;
				CLANG_WARN_OBJC_LITERAL_CONVERSION = YES;
				CLANG_WARN_OBJC_ROOT_CLASS = YES_ERROR;
				CLANG_WARN_RANGE_LOOP_ANALYSIS = YES;
				CLANG_WARN_STRICT_PROTOTYPES = YES;
				CLANG_WARN_SUSPICIOUS_MOVE = YES;
				CLANG_WARN_UNGUARDED_AVAILABILITY = YES_AGGRESSIVE;
				CLANG_WARN_UNREACHABLE_CODE = YES;
				CLANG_WARN__DUPLICATE_METHOD_MATCH = YES;
				CODE_SIGN_IDENTITY = "iPhone Developer";
				COPY_PHASE_STRIP = NO;
				DEBUG_INFORMATION_FORMAT = "dwarf-with-dsym";
				ENABLE_NS_ASSERTIONS = NO;
				ENABLE_STRICT_OBJC_MSGSEND = YES;
				GCC_C_LANGUAGE_STANDARD = gnu11;
				GCC_NO_COMMON_BLOCKS = YES;
				GCC_WARN_64_TO_32_BIT_CONVERSION = YES;
				GCC_WARN_ABOUT_RETURN_TYPE = YES_ERROR;
				GCC_WARN_UNDECLARED_SELECTOR = YES;
				GCC_WARN_UNINITIALIZED_AUTOS = YES_AGGRESSIVE;
				GCC_WARN_UNUSED_FUNCTION = YES;
				GCC_WARN_UNUSED_VARIABLE = YES;
				IPHONEOS_DEPLOYMENT_TARGET = 12.1;
				MTL_ENABLE_DEBUG_INFO = NO;
				MTL_FAST_MATH = YES;
				SDKROOT = iphoneos;
				SWIFT_COMPILATION_MODE = wholemodule;
				SWIFT_OPTIMIZATION_LEVEL = "-O";
				VALIDATE_PRODUCT = YES;
			};
			name = Release;
		};
		FBDB23652277AB56000EA48C /* Debug */ = {
			isa = XCBuildConfiguration;
			buildSettings = {
				ASSETCATALOG_COMPILER_APPICON_NAME = AppIcon;
				CODE_SIGN_STYLE = Automatic;
				DEVELOPMENT_TEAM = RETYS6C76X;
				INFOPLIST_FILE = BullsEye/Info.plist;
				IPHONEOS_DEPLOYMENT_TARGET = 11.1;
				LD_RUNPATH_SEARCH_PATHS = (
					"$(inherited)",
					"@executable_path/Frameworks",
				);
				PRODUCT_BUNDLE_IDENTIFIER = Emmet.BullsEye;
				PRODUCT_NAME = "$(TARGET_NAME)";
				SWIFT_VERSION = 4.2;
				TARGETED_DEVICE_FAMILY = "1,2";
			};
			name = Debug;
		};
		FBDB23662277AB56000EA48C /* Release */ = {
			isa = XCBuildConfiguration;
			buildSettings = {
				ASSETCATALOG_COMPILER_APPICON_NAME = AppIcon;
				CODE_SIGN_STYLE = Automatic;
				DEVELOPMENT_TEAM = RETYS6C76X;
				INFOPLIST_FILE = BullsEye/Info.plist;
				IPHONEOS_DEPLOYMENT_TARGET = 11.1;
				LD_RUNPATH_SEARCH_PATHS = (
					"$(inherited)",
					"@executable_path/Frameworks",
				);
				PRODUCT_BUNDLE_IDENTIFIER = Emmet.BullsEye;
				PRODUCT_NAME = "$(TARGET_NAME)";
				SWIFT_VERSION = 4.2;
				TARGETED_DEVICE_FAMILY = "1,2";
			};
			name = Release;
		};
/* End XCBuildConfiguration section */

/* Begin XCConfigurationList section */
		FBDB234D2277AB44000EA48C /* Build configuration list for PBXProject "BullsEye" */ = {
			isa = XCConfigurationList;
			buildConfigurations = (
				FBDB23622277AB56000EA48C /* Debug */,
				FBDB23632277AB56000EA48C /* Release */,
			);
			defaultConfigurationIsVisible = 0;
			defaultConfigurationName = Release;
		};
		FBDB23642277AB56000EA48C /* Build configuration list for PBXNativeTarget "BullsEye" */ = {
			isa = XCConfigurationList;
			buildConfigurations = (
				FBDB23652277AB56000EA48C /* Debug */,
				FBDB23662277AB56000EA48C /* Release */,
			);
			defaultConfigurationIsVisible = 0;
			defaultConfigurationName = Release;
		};
/* End XCConfigurationList section */
	};
	rootObject = FBDB234A2277AB44000EA48C /* Project object */;
}
